{
  "name": "support-workflow-kit",
  "version": "1.0.0",
  "lockfileVersion": 3,
  "requires": true,
  "packages": {
    "": {
      "name": "support-workflow-kit",
      "version": "1.0.0",
      "dependencies": {
        "@support/workflow-runtime": "https://github.com/Millstone123/support-workflow-kit/releases/download/runtime-v5-bin/support-workflow-runtime-1.0.0.tgz"
      }
    },
    "node_modules/@support/workflow-runtime": {
      "version": "1.0.0",
      "resolved": "https://github.com/Millstone123/support-workflow-kit/releases/download/runtime-v5-bin/support-workflow-runtime-1.0.0.tgz",
      "integrity": "sha512-yJKha4Pz0IBEd3D7MWGmo97kzEsDybbBeWQia97TYlS00MyfdGr4jEecIPYLxCOpolMop5n/YOckmNRzfbUufQ==",
      "cpu": [
        "arm64"
      ],
      "license": "UNLICENSED",
      "os": [
        "darwin"
      ],
      "bin": {
        "support-workflow-prepare": "support-workflow-prepare"
      }
    }
  }
}
